
Microsoft Visual Studio Solution File, Format Version 12.00
# Visual Studio Version 16
VisualStudioVersion = 16.0.34601.136
MinimumVisualStudioVersion = 10.0.40219.1
Project("{FAE04EC0-301F-11D3-BF4B-00C04F79EFBC}") = "HotelManagementSystem", "HotelManagementSystem\HotelManagementSystem.csproj", "{D77CE620-AB69-4F25-8C5B-FF22E2DDC9F3}"
EndProject
Global
	GlobalSection(SolutionConfigurationPlatforms) = preSolution
		Debug|Any CPU = Debug|Any CPU
		Release|Any CPU = Release|Any CPU
	EndGlobalSection
	GlobalSection(ProjectConfigurationPlatforms) = postSolution
		{D77CE620-AB69-4F25-8C5B-FF22E2DDC9F3}.Debug|Any CPU.ActiveCfg = Debug|Any CPU
		{D77CE620-AB69-4F25-8C5B-FF22E2DDC9F3}.Debug|Any CPU.Build.0 = Debug|Any CPU
		{D77CE620-AB69-4F25-8C5B-FF22E2DDC9F3}.Release|Any CPU.ActiveCfg = Release|Any CPU
		{D77CE620-AB69-4F25-8C5B-FF22E2DDC9F3}.Release|Any CPU.Build.0 = Release|Any CPU
	EndGlobalSection
	GlobalSection(SolutionProperties) = preSolution
		HideSolutionNode = FALSE
	EndGlobalSection
	GlobalSection(ExtensibilityGlobals) = postSolution
		SolutionGuid = {2D9A36BF-2C97-43C3-B541-5CC7AB16FC1F}
	EndGlobalSection
EndGlobal
